
Microsoft Visual Studio Solution File, Format Version 12.00
# Visual Studio Version 17
VisualStudioVersion = 17.0.31903.59
MinimumVisualStudioVersion = 10.0.40219.1
Project("{2150E333-8FDC-42A3-9474-1A3956D46DE8}") = "src", "src", "{1BDCCEDD-5F5F-4C14-8E68-E9B131B20C3A}"
EndProject
Project("{FAE04EC0-301F-11D3-BF4B-00C04F79EFBC}") = "VideoMerger.Core", "src\VideoMerger.Core\VideoMerger.Core.csproj", "{17E1B64D-3486-4944-8A0A-74D70F1BD259}"
EndProject
Project("{FAE04EC0-301F-11D3-BF4B-00C04F79EFBC}") = "VideoMerger.App", "src\VideoMerger.App\VideoMerger.App.csproj", "{20FC5377-BE7B-45B4-8DA9-1D6B90DE66E2}"
EndProject
Project("{FAE04EC0-301F-11D3-BF4B-00C04F79EFBC}") = "VideoMerger.Tests", "src\VideoMerger.Tests\VideoMerger.Tests.csproj", "{6923B59A-F872-408A-8ADC-C548237CCF94}"
EndProject
Global
	GlobalSection(SolutionConfigurationPlatforms) = preSolution
		Debug|Any CPU = Debug|Any CPU
		Release|Any CPU = Release|Any CPU
	EndGlobalSection
	GlobalSection(SolutionProperties) = preSolution
		HideSolutionNode = FALSE
	EndGlobalSection
	GlobalSection(ProjectConfigurationPlatforms) = postSolution
		{17E1B64D-3486-4944-8A0A-74D70F1BD259}.Debug|Any CPU.ActiveCfg = Debug|Any CPU
		{17E1B64D-3486-4944-8A0A-74D70F1BD259}.Debug|Any CPU.Build.0 = Debug|Any CPU
		{17E1B64D-3486-4944-8A0A-74D70F1BD259}.Release|Any CPU.ActiveCfg = Release|Any CPU
		{17E1B64D-3486-4944-8A0A-74D70F1BD259}.Release|Any CPU.Build.0 = Release|Any CPU
		{20FC5377-BE7B-45B4-8DA9-1D6B90DE66E2}.Debug|Any CPU.ActiveCfg = Debug|Any CPU
		{20FC5377-BE7B-45B4-8DA9-1D6B90DE66E2}.Debug|Any CPU.Build.0 = Debug|Any CPU
		{20FC5377-BE7B-45B4-8DA9-1D6B90DE66E2}.Release|Any CPU.ActiveCfg = Release|Any CPU
		{20FC5377-BE7B-45B4-8DA9-1D6B90DE66E2}.Release|Any CPU.Build.0 = Release|Any CPU
		{6923B59A-F872-408A-8ADC-C548237CCF94}.Debug|Any CPU.ActiveCfg = Debug|Any CPU
		{6923B59A-F872-408A-8ADC-C548237CCF94}.Debug|Any CPU.Build.0 = Debug|Any CPU
		{6923B59A-F872-408A-8ADC-C548237CCF94}.Release|Any CPU.ActiveCfg = Release|Any CPU
		{6923B59A-F872-408A-8ADC-C548237CCF94}.Release|Any CPU.Build.0 = Release|Any CPU
	EndGlobalSection
	GlobalSection(NestedProjects) = preSolution
		{17E1B64D-3486-4944-8A0A-74D70F1BD259} = {1BDCCEDD-5F5F-4C14-8E68-E9B131B20C3A}
		{20FC5377-BE7B-45B4-8DA9-1D6B90DE66E2} = {1BDCCEDD-5F5F-4C14-8E68-E9B131B20C3A}
		{6923B59A-F872-408A-8ADC-C548237CCF94} = {1BDCCEDD-5F5F-4C14-8E68-E9B131B20C3A}
	EndGlobalSection
EndGlobal
